
Microsoft Visual Studio Solution File, Format Version 12.00
# Visual Studio Version 17
VisualStudioVersion = 17.0.31710.8
MinimumVisualStudioVersion = 10.0.40219.1
Project("{FAE04EC0-301F-11D3-BF4B-00C04F79EFBC}") = "GatewayApi", "GatewayApi\GatewayApi.csproj", "{23E55CF3-18BB-45F5-BC17-5BA17B6574F6}"
EndProject
Global
	GlobalSection(SolutionConfigurationPlatforms) = preSolution
		Debug|Any CPU = Debug|Any CPU
		Release|Any CPU = Release|Any CPU
	EndGlobalSection
	GlobalSection(ProjectConfigurationPlatforms) = postSolution
		{23E55CF3-18BB-45F5-BC17-5BA17B6574F6}.Debug|Any CPU.ActiveCfg = Debug|Any CPU
		{23E55CF3-18BB-45F5-BC17-5BA17B6574F6}.Debug|Any CPU.Build.0 = Debug|Any CPU
		{23E55CF3-18BB-45F5-BC17-5BA17B6574F6}.Release|Any CPU.ActiveCfg = Release|Any CPU
		{23E55CF3-18BB-45F5-BC17-5BA17B6574F6}.Release|Any CPU.Build.0 = Release|Any CPU
	EndGlobalSection
	GlobalSection(SolutionProperties) = preSolution
		HideSolutionNode = FALSE
	EndGlobalSection
	GlobalSection(ExtensibilityGlobals) = postSolution
		SolutionGuid = {42AD47CD-F359-465A-A54D-2C34596F16C8}
	EndGlobalSection
EndGlobal
